
Microsoft Visual Studio Solution File, Format Version 12.00
# Visual Studio Version 16
VisualStudioVersion = 16.0.29009.5
MinimumVisualStudioVersion = 10.0.40219.1
Project("{FAE04EC0-301F-11D3-BF4B-00C04F79EFBC}") = "SAToolReportGenerator", "SAToolReportGenerator\SAToolReportGenerator.csproj", "{5B6AF530-8D11-427A-83AD-52262C3EACE1}"
EndProject
Project("{FAE04EC0-301F-11D3-BF4B-00C04F79EFBC}") = "UnitTestProject1", "UnitTestProject1\UnitTestProject1.csproj", "{9C5B8D61-560B-4293-BE70-461CF491B2E9}"
EndProject
Global
	GlobalSection(SolutionConfigurationPlatforms) = preSolution
		Debug|Any CPU = Debug|Any CPU
		Release|Any CPU = Release|Any CPU
	EndGlobalSection
	GlobalSection(ProjectConfigurationPlatforms) = postSolution
		{5B6AF530-8D11-427A-83AD-52262C3EACE1}.Debug|Any CPU.ActiveCfg = Debug|Any CPU
		{5B6AF530-8D11-427A-83AD-52262C3EACE1}.Debug|Any CPU.Build.0 = Debug|Any CPU
		{5B6AF530-8D11-427A-83AD-52262C3EACE1}.Release|Any CPU.ActiveCfg = Release|Any CPU
		{5B6AF530-8D11-427A-83AD-52262C3EACE1}.Release|Any CPU.Build.0 = Release|Any CPU
		{9C5B8D61-560B-4293-BE70-461CF491B2E9}.Debug|Any CPU.ActiveCfg = Debug|Any CPU
		{9C5B8D61-560B-4293-BE70-461CF491B2E9}.Debug|Any CPU.Build.0 = Debug|Any CPU
		{9C5B8D61-560B-4293-BE70-461CF491B2E9}.Release|Any CPU.ActiveCfg = Release|Any CPU
		{9C5B8D61-560B-4293-BE70-461CF491B2E9}.Release|Any CPU.Build.0 = Release|Any CPU
	EndGlobalSection
	GlobalSection(SolutionProperties) = preSolution
		HideSolutionNode = FALSE
	EndGlobalSection
	GlobalSection(ExtensibilityGlobals) = postSolution
		SolutionGuid = {A5B86007-660B-4A51-996A-5BF20DF12EB7}
	EndGlobalSection
EndGlobal
